# This file is automatically @generated by Cargo.
# It is not intended for manual editing.
version = 3

[[package]]
name = "DS"
version = "0.1.0"
dependencies = [
 "fork",
]

[[package]]
name = "fork"
version = "0.1.20"
source = "registry+https://github.com/rust-lang/crates.io-index"
checksum = "9788ce090af4bf8d6e8f43d3f7d12305c787456387bd2d88856fcda3aa1f0dca"
dependencies = [
 "libc",
]

[[package]]
name = "libc"
version = "0.2.137"
source = "registry+https://github.com/rust-lang/crates.io-index"
checksum = "fc7fcc620a3bff7cdd7a365be3376c97191aeaccc2a603e600951e452615bf89"
